
Microsoft Visual Studio Solution File, Format Version 12.00
# Visual Studio Version 17
VisualStudioVersion = 17.7.34024.191
MinimumVisualStudioVersion = 10.0.40219.1
Project("{FAE04EC0-301F-11D3-BF4B-00C04F79EFBC}") = "EmployeePayrollMVC", "EmployeePayrollMVC.csproj", "{0D35DA5E-D90C-4447-9CEF-D1B1CF0B745A}"
EndProject
Project("{FAE04EC0-301F-11D3-BF4B-00C04F79EFBC}") = "BusinessLayer", "..\BusinessLayer\BusinessLayer.csproj", "{C43F6B86-3D2F-4712-ABCC-40AC30FCB005}"
EndProject
Project("{FAE04EC0-301F-11D3-BF4B-00C04F79EFBC}") = "RepoLayer", "..\RepoLayer\RepoLayer.csproj", "{9AEDDB9D-C148-4B09-B0C5-813EEEC1983B}"
EndProject
Project("{FAE04EC0-301F-11D3-BF4B-00C04F79EFBC}") = "CommonLayer", "..\CommonLayer\CommonLayer.csproj", "{497381E9-CDAA-431F-AAA2-2D1B62F8AB33}"
EndProject
Global
	GlobalSection(SolutionConfigurationPlatforms) = preSolution
		Debug|Any CPU = Debug|Any CPU
		Release|Any CPU = Release|Any CPU
	EndGlobalSection
	GlobalSection(ProjectConfigurationPlatforms) = postSolution
		{0D35DA5E-D90C-4447-9CEF-D1B1CF0B745A}.Debug|Any CPU.ActiveCfg = Debug|Any CPU
		{0D35DA5E-D90C-4447-9CEF-D1B1CF0B745A}.Debug|Any CPU.Build.0 = Debug|Any CPU
		{0D35DA5E-D90C-4447-9CEF-D1B1CF0B745A}.Release|Any CPU.ActiveCfg = Release|Any CPU
		{0D35DA5E-D90C-4447-9CEF-D1B1CF0B745A}.Release|Any CPU.Build.0 = Release|Any CPU
		{C43F6B86-3D2F-4712-ABCC-40AC30FCB005}.Debug|Any CPU.ActiveCfg = Debug|Any CPU
		{C43F6B86-3D2F-4712-ABCC-40AC30FCB005}.Debug|Any CPU.Build.0 = Debug|Any CPU
		{C43F6B86-3D2F-4712-ABCC-40AC30FCB005}.Release|Any CPU.ActiveCfg = Release|Any CPU
		{C43F6B86-3D2F-4712-ABCC-40AC30FCB005}.Release|Any CPU.Build.0 = Release|Any CPU
		{9AEDDB9D-C148-4B09-B0C5-813EEEC1983B}.Debug|Any CPU.ActiveCfg = Debug|Any CPU
		{9AEDDB9D-C148-4B09-B0C5-813EEEC1983B}.Debug|Any CPU.Build.0 = Debug|Any CPU
		{9AEDDB9D-C148-4B09-B0C5-813EEEC1983B}.Release|Any CPU.ActiveCfg = Release|Any CPU
		{9AEDDB9D-C148-4B09-B0C5-813EEEC1983B}.Release|Any CPU.Build.0 = Release|Any CPU
		{497381E9-CDAA-431F-AAA2-2D1B62F8AB33}.Debug|Any CPU.ActiveCfg = Debug|Any CPU
		{497381E9-CDAA-431F-AAA2-2D1B62F8AB33}.Debug|Any CPU.Build.0 = Debug|Any CPU
		{497381E9-CDAA-431F-AAA2-2D1B62F8AB33}.Release|Any CPU.ActiveCfg = Release|Any CPU
		{497381E9-CDAA-431F-AAA2-2D1B62F8AB33}.Release|Any CPU.Build.0 = Release|Any CPU
	EndGlobalSection
	GlobalSection(SolutionProperties) = preSolution
		HideSolutionNode = FALSE
	EndGlobalSection
	GlobalSection(ExtensibilityGlobals) = postSolution
		SolutionGuid = {C6AFED82-9649-4789-A63F-6CEB2FB3A4B2}
	EndGlobalSection
EndGlobal
